
Microsoft Visual Studio Solution File, Format Version 12.00
# Visual Studio Version 17
VisualStudioVersion = 17.5.33209.295
MinimumVisualStudioVersion = 10.0.40219.1
Project("{FAE04EC0-301F-11D3-BF4B-00C04F79EFBC}") = "MoviesApi", "MoviesApi\MoviesApi.csproj", "{21DF6AF2-BD8D-4382-8DAF-2DED1FEEDECE}"
EndProject
Global
	GlobalSection(SolutionConfigurationPlatforms) = preSolution
		Debug|Any CPU = Debug|Any CPU
		Release|Any CPU = Release|Any CPU
	EndGlobalSection
	GlobalSection(ProjectConfigurationPlatforms) = postSolution
		{21DF6AF2-BD8D-4382-8DAF-2DED1FEEDECE}.Debug|Any CPU.ActiveCfg = Debug|Any CPU
		{21DF6AF2-BD8D-4382-8DAF-2DED1FEEDECE}.Debug|Any CPU.Build.0 = Debug|Any CPU
		{21DF6AF2-BD8D-4382-8DAF-2DED1FEEDECE}.Release|Any CPU.ActiveCfg = Release|Any CPU
		{21DF6AF2-BD8D-4382-8DAF-2DED1FEEDECE}.Release|Any CPU.Build.0 = Release|Any CPU
	EndGlobalSection
	GlobalSection(SolutionProperties) = preSolution
		HideSolutionNode = FALSE
	EndGlobalSection
	GlobalSection(ExtensibilityGlobals) = postSolution
		SolutionGuid = {0FF5714A-7E44-4DFB-8A94-520DE8CC4566}
	EndGlobalSection
EndGlobal
